
Microsoft Visual Studio Solution File, Format Version 12.00
# Visual Studio Version 17
VisualStudioVersion = 17.3.32819.101
MinimumVisualStudioVersion = 10.0.40219.1
Project("{FAE04EC0-301F-11D3-BF4B-00C04F79EFBC}") = "Exercicio 2", "Exercicio 2\Exercicio 2.csproj", "{02E9E54E-F5C4-40C7-8910-3AA856EA5562}"
EndProject
Global
	GlobalSection(SolutionConfigurationPlatforms) = preSolution
		Debug|Any CPU = Debug|Any CPU
		Release|Any CPU = Release|Any CPU
	EndGlobalSection
	GlobalSection(ProjectConfigurationPlatforms) = postSolution
		{02E9E54E-F5C4-40C7-8910-3AA856EA5562}.Debug|Any CPU.ActiveCfg = Debug|Any CPU
		{02E9E54E-F5C4-40C7-8910-3AA856EA5562}.Debug|Any CPU.Build.0 = Debug|Any CPU
		{02E9E54E-F5C4-40C7-8910-3AA856EA5562}.Release|Any CPU.ActiveCfg = Release|Any CPU
		{02E9E54E-F5C4-40C7-8910-3AA856EA5562}.Release|Any CPU.Build.0 = Release|Any CPU
	EndGlobalSection
	GlobalSection(SolutionProperties) = preSolution
		HideSolutionNode = FALSE
	EndGlobalSection
	GlobalSection(ExtensibilityGlobals) = postSolution
		SolutionGuid = {B419B58D-DCD4-4448-AD22-DF399061453D}
	EndGlobalSection
EndGlobal
