
Microsoft Visual Studio Solution File, Format Version 12.00
# Visual Studio Version 17
VisualStudioVersion = 17.3.32819.101
MinimumVisualStudioVersion = 10.0.40219.1
Project("{FAE04EC0-301F-11D3-BF4B-00C04F79EFBC}") = "ContaBancaria", "ContaBancaria\ContaBancaria.csproj", "{A0CDBD7C-5349-4E97-A025-BEE94AD27076}"
EndProject
Global
	GlobalSection(SolutionConfigurationPlatforms) = preSolution
		Debug|Any CPU = Debug|Any CPU
		Release|Any CPU = Release|Any CPU
	EndGlobalSection
	GlobalSection(ProjectConfigurationPlatforms) = postSolution
		{A0CDBD7C-5349-4E97-A025-BEE94AD27076}.Debug|Any CPU.ActiveCfg = Debug|Any CPU
		{A0CDBD7C-5349-4E97-A025-BEE94AD27076}.Debug|Any CPU.Build.0 = Debug|Any CPU
		{A0CDBD7C-5349-4E97-A025-BEE94AD27076}.Release|Any CPU.ActiveCfg = Release|Any CPU
		{A0CDBD7C-5349-4E97-A025-BEE94AD27076}.Release|Any CPU.Build.0 = Release|Any CPU
	EndGlobalSection
	GlobalSection(SolutionProperties) = preSolution
		HideSolutionNode = FALSE
	EndGlobalSection
	GlobalSection(ExtensibilityGlobals) = postSolution
		SolutionGuid = {7A5E9DFB-DEC2-4710-949B-E431E6B3AF41}
	EndGlobalSection
EndGlobal
