
Microsoft Visual Studio Solution File, Format Version 12.00
# Visual Studio Version 17
VisualStudioVersion = 17.3.32819.101
MinimumVisualStudioVersion = 10.0.40219.1
Project("{FAE04EC0-301F-11D3-BF4B-00C04F79EFBC}") = "Entrada de Dados 2", "Entrada de Dados 2\Entrada de Dados 2.csproj", "{8E15FB91-AAFD-4425-83F4-EF1EFEAC0B8A}"
EndProject
Global
	GlobalSection(SolutionConfigurationPlatforms) = preSolution
		Debug|Any CPU = Debug|Any CPU
		Release|Any CPU = Release|Any CPU
	EndGlobalSection
	GlobalSection(ProjectConfigurationPlatforms) = postSolution
		{8E15FB91-AAFD-4425-83F4-EF1EFEAC0B8A}.Debug|Any CPU.ActiveCfg = Debug|Any CPU
		{8E15FB91-AAFD-4425-83F4-EF1EFEAC0B8A}.Debug|Any CPU.Build.0 = Debug|Any CPU
		{8E15FB91-AAFD-4425-83F4-EF1EFEAC0B8A}.Release|Any CPU.ActiveCfg = Release|Any CPU
		{8E15FB91-AAFD-4425-83F4-EF1EFEAC0B8A}.Release|Any CPU.Build.0 = Release|Any CPU
	EndGlobalSection
	GlobalSection(SolutionProperties) = preSolution
		HideSolutionNode = FALSE
	EndGlobalSection
	GlobalSection(ExtensibilityGlobals) = postSolution
		SolutionGuid = {C8002BDA-3382-4A9A-9CA7-1C628D0E2690}
	EndGlobalSection
EndGlobal
