
Microsoft Visual Studio Solution File, Format Version 12.00
# Visual Studio Version 17
VisualStudioVersion = 17.3.32819.101
MinimumVisualStudioVersion = 10.0.40219.1
Project("{FAE04EC0-301F-11D3-BF4B-00C04F79EFBC}") = "Exercicios 2", "Exercicios 2\Exercicios 2.csproj", "{5B12099A-7950-46E7-BBE3-94DE4CC298C4}"
EndProject
Global
	GlobalSection(SolutionConfigurationPlatforms) = preSolution
		Debug|Any CPU = Debug|Any CPU
		Release|Any CPU = Release|Any CPU
	EndGlobalSection
	GlobalSection(ProjectConfigurationPlatforms) = postSolution
		{5B12099A-7950-46E7-BBE3-94DE4CC298C4}.Debug|Any CPU.ActiveCfg = Debug|Any CPU
		{5B12099A-7950-46E7-BBE3-94DE4CC298C4}.Debug|Any CPU.Build.0 = Debug|Any CPU
		{5B12099A-7950-46E7-BBE3-94DE4CC298C4}.Release|Any CPU.ActiveCfg = Release|Any CPU
		{5B12099A-7950-46E7-BBE3-94DE4CC298C4}.Release|Any CPU.Build.0 = Release|Any CPU
	EndGlobalSection
	GlobalSection(SolutionProperties) = preSolution
		HideSolutionNode = FALSE
	EndGlobalSection
	GlobalSection(ExtensibilityGlobals) = postSolution
		SolutionGuid = {9E6BBDCB-9A0F-4CAE-AB26-730E12BD675C}
	EndGlobalSection
EndGlobal
