
Microsoft Visual Studio Solution File, Format Version 12.00
# Visual Studio Version 17
VisualStudioVersion = 17.3.32819.101
MinimumVisualStudioVersion = 10.0.40219.1
Project("{FAE04EC0-301F-11D3-BF4B-00C04F79EFBC}") = "Exercicio 3", "Exercicio 3\Exercicio 3.csproj", "{0F40872B-6DF1-4214-831C-C254D7BCBE76}"
EndProject
Global
	GlobalSection(SolutionConfigurationPlatforms) = preSolution
		Debug|Any CPU = Debug|Any CPU
		Release|Any CPU = Release|Any CPU
	EndGlobalSection
	GlobalSection(ProjectConfigurationPlatforms) = postSolution
		{0F40872B-6DF1-4214-831C-C254D7BCBE76}.Debug|Any CPU.ActiveCfg = Debug|Any CPU
		{0F40872B-6DF1-4214-831C-C254D7BCBE76}.Debug|Any CPU.Build.0 = Debug|Any CPU
		{0F40872B-6DF1-4214-831C-C254D7BCBE76}.Release|Any CPU.ActiveCfg = Release|Any CPU
		{0F40872B-6DF1-4214-831C-C254D7BCBE76}.Release|Any CPU.Build.0 = Release|Any CPU
	EndGlobalSection
	GlobalSection(SolutionProperties) = preSolution
		HideSolutionNode = FALSE
	EndGlobalSection
	GlobalSection(ExtensibilityGlobals) = postSolution
		SolutionGuid = {8CEC137B-C74F-4270-A324-02458BD23379}
	EndGlobalSection
EndGlobal
