
Microsoft Visual Studio Solution File, Format Version 12.00
# Visual Studio Version 17
VisualStudioVersion = 17.3.32819.101
MinimumVisualStudioVersion = 10.0.40219.1
Project("{FAE04EC0-301F-11D3-BF4B-00C04F79EFBC}") = "Exercicios 5", "Exercicios 5\Exercicios 5.csproj", "{BB588931-FA41-4EC3-8AE3-52EF428CD53F}"
EndProject
Global
	GlobalSection(SolutionConfigurationPlatforms) = preSolution
		Debug|Any CPU = Debug|Any CPU
		Release|Any CPU = Release|Any CPU
	EndGlobalSection
	GlobalSection(ProjectConfigurationPlatforms) = postSolution
		{BB588931-FA41-4EC3-8AE3-52EF428CD53F}.Debug|Any CPU.ActiveCfg = Debug|Any CPU
		{BB588931-FA41-4EC3-8AE3-52EF428CD53F}.Debug|Any CPU.Build.0 = Debug|Any CPU
		{BB588931-FA41-4EC3-8AE3-52EF428CD53F}.Release|Any CPU.ActiveCfg = Release|Any CPU
		{BB588931-FA41-4EC3-8AE3-52EF428CD53F}.Release|Any CPU.Build.0 = Release|Any CPU
	EndGlobalSection
	GlobalSection(SolutionProperties) = preSolution
		HideSolutionNode = FALSE
	EndGlobalSection
	GlobalSection(ExtensibilityGlobals) = postSolution
		SolutionGuid = {EF24CD7A-05A2-463F-827D-F8D400ABCF9A}
	EndGlobalSection
EndGlobal
