
Microsoft Visual Studio Solution File, Format Version 12.00
# Visual Studio Version 17
VisualStudioVersion = 17.3.32819.101
MinimumVisualStudioVersion = 10.0.40219.1
Project("{FAE04EC0-301F-11D3-BF4B-00C04F79EFBC}") = "Sobrecarga", "Sobrecarga\Sobrecarga.csproj", "{C74710BB-E4CC-43FF-B675-C7D4E6CE125B}"
EndProject
Global
	GlobalSection(SolutionConfigurationPlatforms) = preSolution
		Debug|Any CPU = Debug|Any CPU
		Release|Any CPU = Release|Any CPU
	EndGlobalSection
	GlobalSection(ProjectConfigurationPlatforms) = postSolution
		{C74710BB-E4CC-43FF-B675-C7D4E6CE125B}.Debug|Any CPU.ActiveCfg = Debug|Any CPU
		{C74710BB-E4CC-43FF-B675-C7D4E6CE125B}.Debug|Any CPU.Build.0 = Debug|Any CPU
		{C74710BB-E4CC-43FF-B675-C7D4E6CE125B}.Release|Any CPU.ActiveCfg = Release|Any CPU
		{C74710BB-E4CC-43FF-B675-C7D4E6CE125B}.Release|Any CPU.Build.0 = Release|Any CPU
	EndGlobalSection
	GlobalSection(SolutionProperties) = preSolution
		HideSolutionNode = FALSE
	EndGlobalSection
	GlobalSection(ExtensibilityGlobals) = postSolution
		SolutionGuid = {27D3D73D-8941-4ECF-A977-0299F09095AF}
	EndGlobalSection
EndGlobal
