
Microsoft Visual Studio Solution File, Format Version 12.00
# Visual Studio Version 17
VisualStudioVersion = 17.3.32819.101
MinimumVisualStudioVersion = 10.0.40219.1
Project("{FAE04EC0-301F-11D3-BF4B-00C04F79EFBC}") = "Execercio 1", "Execercio 1\Execercio 1.csproj", "{ED7B5D20-DCFC-4C77-BC43-1D668F2FDF52}"
EndProject
Global
	GlobalSection(SolutionConfigurationPlatforms) = preSolution
		Debug|Any CPU = Debug|Any CPU
		Release|Any CPU = Release|Any CPU
	EndGlobalSection
	GlobalSection(ProjectConfigurationPlatforms) = postSolution
		{ED7B5D20-DCFC-4C77-BC43-1D668F2FDF52}.Debug|Any CPU.ActiveCfg = Debug|Any CPU
		{ED7B5D20-DCFC-4C77-BC43-1D668F2FDF52}.Debug|Any CPU.Build.0 = Debug|Any CPU
		{ED7B5D20-DCFC-4C77-BC43-1D668F2FDF52}.Release|Any CPU.ActiveCfg = Release|Any CPU
		{ED7B5D20-DCFC-4C77-BC43-1D668F2FDF52}.Release|Any CPU.Build.0 = Release|Any CPU
	EndGlobalSection
	GlobalSection(SolutionProperties) = preSolution
		HideSolutionNode = FALSE
	EndGlobalSection
	GlobalSection(ExtensibilityGlobals) = postSolution
		SolutionGuid = {66462292-AB09-43FF-9C16-7F95227295C8}
	EndGlobalSection
EndGlobal
