
Microsoft Visual Studio Solution File, Format Version 12.00
# Visual Studio Version 17
VisualStudioVersion = 17.3.32819.101
MinimumVisualStudioVersion = 10.0.40219.1
Project("{FAE04EC0-301F-11D3-BF4B-00C04F79EFBC}") = "Exercicio 2", "Exercicio 2\Exercicio 2.csproj", "{CBA09180-BD87-4357-A080-3478A3A07134}"
EndProject
Global
	GlobalSection(SolutionConfigurationPlatforms) = preSolution
		Debug|Any CPU = Debug|Any CPU
		Release|Any CPU = Release|Any CPU
	EndGlobalSection
	GlobalSection(ProjectConfigurationPlatforms) = postSolution
		{CBA09180-BD87-4357-A080-3478A3A07134}.Debug|Any CPU.ActiveCfg = Debug|Any CPU
		{CBA09180-BD87-4357-A080-3478A3A07134}.Debug|Any CPU.Build.0 = Debug|Any CPU
		{CBA09180-BD87-4357-A080-3478A3A07134}.Release|Any CPU.ActiveCfg = Release|Any CPU
		{CBA09180-BD87-4357-A080-3478A3A07134}.Release|Any CPU.Build.0 = Release|Any CPU
	EndGlobalSection
	GlobalSection(SolutionProperties) = preSolution
		HideSolutionNode = FALSE
	EndGlobalSection
	GlobalSection(ExtensibilityGlobals) = postSolution
		SolutionGuid = {0671F1EF-8DCE-4D5C-B564-10D668C8E4AB}
	EndGlobalSection
EndGlobal
