
Microsoft Visual Studio Solution File, Format Version 12.00
# Visual Studio Version 17
VisualStudioVersion = 17.3.32819.101
MinimumVisualStudioVersion = 10.0.40219.1
Project("{FAE04EC0-301F-11D3-BF4B-00C04F79EFBC}") = "Exercicio 6", "Exercicio 6\Exercicio 6.csproj", "{742B3ED2-0E5E-4C7E-ACE5-75AAAE242A71}"
EndProject
Global
	GlobalSection(SolutionConfigurationPlatforms) = preSolution
		Debug|Any CPU = Debug|Any CPU
		Release|Any CPU = Release|Any CPU
	EndGlobalSection
	GlobalSection(ProjectConfigurationPlatforms) = postSolution
		{742B3ED2-0E5E-4C7E-ACE5-75AAAE242A71}.Debug|Any CPU.ActiveCfg = Debug|Any CPU
		{742B3ED2-0E5E-4C7E-ACE5-75AAAE242A71}.Debug|Any CPU.Build.0 = Debug|Any CPU
		{742B3ED2-0E5E-4C7E-ACE5-75AAAE242A71}.Release|Any CPU.ActiveCfg = Release|Any CPU
		{742B3ED2-0E5E-4C7E-ACE5-75AAAE242A71}.Release|Any CPU.Build.0 = Release|Any CPU
	EndGlobalSection
	GlobalSection(SolutionProperties) = preSolution
		HideSolutionNode = FALSE
	EndGlobalSection
	GlobalSection(ExtensibilityGlobals) = postSolution
		SolutionGuid = {94420834-725E-4B26-A165-08A0EC7C5F06}
	EndGlobalSection
EndGlobal
