
Microsoft Visual Studio Solution File, Format Version 12.00
# Visual Studio Version 17
VisualStudioVersion = 17.3.32819.101
MinimumVisualStudioVersion = 10.0.40219.1
Project("{FAE04EC0-301F-11D3-BF4B-00C04F79EFBC}") = "Params", "Params\Params.csproj", "{A5D236AE-50CA-4B61-AEF1-AA14B1AA5D2E}"
EndProject
Global
	GlobalSection(SolutionConfigurationPlatforms) = preSolution
		Debug|Any CPU = Debug|Any CPU
		Release|Any CPU = Release|Any CPU
	EndGlobalSection
	GlobalSection(ProjectConfigurationPlatforms) = postSolution
		{A5D236AE-50CA-4B61-AEF1-AA14B1AA5D2E}.Debug|Any CPU.ActiveCfg = Debug|Any CPU
		{A5D236AE-50CA-4B61-AEF1-AA14B1AA5D2E}.Debug|Any CPU.Build.0 = Debug|Any CPU
		{A5D236AE-50CA-4B61-AEF1-AA14B1AA5D2E}.Release|Any CPU.ActiveCfg = Release|Any CPU
		{A5D236AE-50CA-4B61-AEF1-AA14B1AA5D2E}.Release|Any CPU.Build.0 = Release|Any CPU
	EndGlobalSection
	GlobalSection(SolutionProperties) = preSolution
		HideSolutionNode = FALSE
	EndGlobalSection
	GlobalSection(ExtensibilityGlobals) = postSolution
		SolutionGuid = {02224319-F727-4F19-BA5D-AAF7433526A4}
	EndGlobalSection
EndGlobal
