
Microsoft Visual Studio Solution File, Format Version 12.00
# Visual Studio Version 17
VisualStudioVersion = 17.3.32819.101
MinimumVisualStudioVersion = 10.0.40219.1
Project("{FAE04EC0-301F-11D3-BF4B-00C04F79EFBC}") = "Exercicio 4", "Exercicio 4\Exercicio 4.csproj", "{7B1FCDE3-9806-489F-A8C7-DB327ABCDEEA}"
EndProject
Global
	GlobalSection(SolutionConfigurationPlatforms) = preSolution
		Debug|Any CPU = Debug|Any CPU
		Release|Any CPU = Release|Any CPU
	EndGlobalSection
	GlobalSection(ProjectConfigurationPlatforms) = postSolution
		{7B1FCDE3-9806-489F-A8C7-DB327ABCDEEA}.Debug|Any CPU.ActiveCfg = Debug|Any CPU
		{7B1FCDE3-9806-489F-A8C7-DB327ABCDEEA}.Debug|Any CPU.Build.0 = Debug|Any CPU
		{7B1FCDE3-9806-489F-A8C7-DB327ABCDEEA}.Release|Any CPU.ActiveCfg = Release|Any CPU
		{7B1FCDE3-9806-489F-A8C7-DB327ABCDEEA}.Release|Any CPU.Build.0 = Release|Any CPU
	EndGlobalSection
	GlobalSection(SolutionProperties) = preSolution
		HideSolutionNode = FALSE
	EndGlobalSection
	GlobalSection(ExtensibilityGlobals) = postSolution
		SolutionGuid = {3263196D-3614-40E7-80BB-EBBA41E1115F}
	EndGlobalSection
EndGlobal
